{
  "name": "ttuple",
  "version": "0.2.1",
  "lockfileVersion": 2,
  "requires": true,
  "packages": {
    "": {
      "name": "ttuple",
      "version": "0.2.1",
      "license": "MIT",
      "dependencies": {
        "typescript": "4.8.0-dev.20220804"
      }
    },
    "node_modules/typescript": {
      "version": "4.8.0-dev.20220804",
      "resolved": "https://registry.npmjs.org/typescript/-/typescript-4.8.0-dev.20220804.tgz",
      "integrity": "sha512-N5tKzl5WE31E6YHL3nlYls2zCxkCfax3gb3zKKcrRJXEzfPRFodE0xzkIgGJIshTLQnF/uwiN2Nc8TG50aE9Hg==",
      "bin": {
        "tsc": "bin/tsc",
        "tsserver": "bin/tsserver"
      },
      "engines": {
        "node": ">=4.2.0"
      }
    }
  },
  "dependencies": {
    "typescript": {
      "version": "4.8.0-dev.20220804",
      "resolved": "https://registry.npmjs.org/typescript/-/typescript-4.8.0-dev.20220804.tgz",
      "integrity": "sha512-N5tKzl5WE31E6YHL3nlYls2zCxkCfax3gb3zKKcrRJXEzfPRFodE0xzkIgGJIshTLQnF/uwiN2Nc8TG50aE9Hg=="
    }
  }
}
