{
  "name": "ttuple",
  "version": "0.2.3",
  "lockfileVersion": 2,
  "requires": true,
  "packages": {
    "": {
      "name": "ttuple",
      "version": "0.2.3",
      "license": "MIT",
      "dependencies": {
        "typescript": "next"
      },
      "devDependencies": {
        "conditional-type-checks": "1.0.5"
      }
    },
    "node_modules/conditional-type-checks": {
      "version": "1.0.5",
      "resolved": "https://registry.npmjs.org/conditional-type-checks/-/conditional-type-checks-1.0.5.tgz",
      "integrity": "sha512-DkfkvmjXVe4ye4llJ1JADtO3dNvqqcQM08cA9BhNt9Oe8pyRW8X1CZyBg9Qst05bDV9BJM01KLmnFh78NcJgNg==",
      "dev": true
    },
    "node_modules/typescript": {
      "version": "4.7.4",
      "resolved": "https://registry.npmjs.org/typescript/-/typescript-4.7.4.tgz",
      "integrity": "sha512-C0WQT0gezHuw6AdY1M2jxUO83Rjf0HP7Sk1DtXj6j1EwkQNZrHAg2XPWlq62oqEhYvONq5pkC2Y9oPljWToLmQ==",
      "bin": {
        "tsc": "bin/tsc",
        "tsserver": "bin/tsserver"
      },
      "engines": {
        "node": ">=4.2.0"
      }
    }
  },
  "dependencies": {
    "conditional-type-checks": {
      "version": "1.0.5",
      "resolved": "https://registry.npmjs.org/conditional-type-checks/-/conditional-type-checks-1.0.5.tgz",
      "integrity": "sha512-DkfkvmjXVe4ye4llJ1JADtO3dNvqqcQM08cA9BhNt9Oe8pyRW8X1CZyBg9Qst05bDV9BJM01KLmnFh78NcJgNg==",
      "dev": true
    },
    "typescript": {
      "version": "4.7.4",
      "resolved": "https://registry.npmjs.org/typescript/-/typescript-4.7.4.tgz",
      "integrity": "sha512-C0WQT0gezHuw6AdY1M2jxUO83Rjf0HP7Sk1DtXj6j1EwkQNZrHAg2XPWlq62oqEhYvONq5pkC2Y9oPljWToLmQ=="
    }
  }
}
